
Microsoft Visual Studio Solution File, Format Version 12.00
# Visual Studio 15
VisualStudioVersion = 15.0.28307.572
MinimumVisualStudioVersion = 10.0.40219.1
Project("{8BC9CEB8-8B4A-11D0-8D11-00A0C91BC942}") = "DP_problem2", "DP_problem2\DP_problem2.vcxproj", "{40FD3CBD-9166-488C-8892-10CF44E99210}"
EndProject
Global
	GlobalSection(SolutionConfigurationPlatforms) = preSolution
		Debug|x64 = Debug|x64
		Debug|x86 = Debug|x86
		Release|x64 = Release|x64
		Release|x86 = Release|x86
	EndGlobalSection
	GlobalSection(ProjectConfigurationPlatforms) = postSolution
		{40FD3CBD-9166-488C-8892-10CF44E99210}.Debug|x64.ActiveCfg = Debug|x64
		{40FD3CBD-9166-488C-8892-10CF44E99210}.Debug|x64.Build.0 = Debug|x64
		{40FD3CBD-9166-488C-8892-10CF44E99210}.Debug|x86.ActiveCfg = Debug|Win32
		{40FD3CBD-9166-488C-8892-10CF44E99210}.Debug|x86.Build.0 = Debug|Win32
		{40FD3CBD-9166-488C-8892-10CF44E99210}.Release|x64.ActiveCfg = Release|x64
		{40FD3CBD-9166-488C-8892-10CF44E99210}.Release|x64.Build.0 = Release|x64
		{40FD3CBD-9166-488C-8892-10CF44E99210}.Release|x86.ActiveCfg = Release|Win32
		{40FD3CBD-9166-488C-8892-10CF44E99210}.Release|x86.Build.0 = Release|Win32
	EndGlobalSection
	GlobalSection(SolutionProperties) = preSolution
		HideSolutionNode = FALSE
	EndGlobalSection
	GlobalSection(ExtensibilityGlobals) = postSolution
		SolutionGuid = {23F75425-44C7-4FC8-B119-E70015504987}
	EndGlobalSection
EndGlobal
