
Microsoft Visual Studio Solution File, Format Version 12.00
# Visual Studio 15
VisualStudioVersion = 15.0.28307.572
MinimumVisualStudioVersion = 10.0.40219.1
Project("{8BC9CEB8-8B4A-11D0-8D11-00A0C91BC942}") = "greedy_problem3", "greedy_problem3\greedy_problem3.vcxproj", "{AF3C679A-4C3A-4F2A-BCE8-287BA98F1C42}"
EndProject
Global
	GlobalSection(SolutionConfigurationPlatforms) = preSolution
		Debug|x64 = Debug|x64
		Debug|x86 = Debug|x86
		Release|x64 = Release|x64
		Release|x86 = Release|x86
	EndGlobalSection
	GlobalSection(ProjectConfigurationPlatforms) = postSolution
		{AF3C679A-4C3A-4F2A-BCE8-287BA98F1C42}.Debug|x64.ActiveCfg = Debug|x64
		{AF3C679A-4C3A-4F2A-BCE8-287BA98F1C42}.Debug|x64.Build.0 = Debug|x64
		{AF3C679A-4C3A-4F2A-BCE8-287BA98F1C42}.Debug|x86.ActiveCfg = Debug|Win32
		{AF3C679A-4C3A-4F2A-BCE8-287BA98F1C42}.Debug|x86.Build.0 = Debug|Win32
		{AF3C679A-4C3A-4F2A-BCE8-287BA98F1C42}.Release|x64.ActiveCfg = Release|x64
		{AF3C679A-4C3A-4F2A-BCE8-287BA98F1C42}.Release|x64.Build.0 = Release|x64
		{AF3C679A-4C3A-4F2A-BCE8-287BA98F1C42}.Release|x86.ActiveCfg = Release|Win32
		{AF3C679A-4C3A-4F2A-BCE8-287BA98F1C42}.Release|x86.Build.0 = Release|Win32
	EndGlobalSection
	GlobalSection(SolutionProperties) = preSolution
		HideSolutionNode = FALSE
	EndGlobalSection
	GlobalSection(ExtensibilityGlobals) = postSolution
		SolutionGuid = {C46F0EF8-1B29-441E-BE6D-98D6558FD6E8}
	EndGlobalSection
EndGlobal
